# THIS IS AN AUTOGENERATED FILE. DO NOT EDIT THIS FILE DIRECTLY.
# yarn lockfile v1


"@types/node@^12.7.8":
  version "12.7.11"
  resolved "https://registry.npm.taobao.org/@types/node/download/@types/node-12.7.11.tgz#be879b52031cfb5d295b047f5462d8ef1a716446"
  integrity sha1-voebUgMc+10pWwR/VGLY7xpxZEY=
